// !$*UTF8*$!
{
	archiveVersion = 1;
	classes = {
	};
	objectVersion = 46;
	objects = {

/* Begin PBXBuildFile section */
		23EA299D1EBB226A009F40F8 /* AppDelegate.swift in Sources */ = {isa = PBXBuildFile; fileRef = 23EA299C1EBB226A009F40F8 /* AppDelegate.swift */; };
		23EA29A21EBB226A009F40F8 /* Main.storyboard in Resources */ = {isa = PBXBuildFile; fileRef = 23EA29A01EBB226A009F40F8 /* Main.storyboard */; };
		23EA29A71EBB226A009F40F8 /* LaunchScreen.storyboard in Resources */ = {isa = PBXBuildFile; fileRef = 23EA29A51EBB226A009F40F8 /* LaunchScreen.storyboard */; };
		2F4FA35F1EDFE77700B56D3C /* ViewJokboTableContentViewCell.swift in Sources */ = {isa = PBXBuildFile; fileRef = 2F4FA35E1EDFE77700B56D3C /* ViewJokboTableContentViewCell.swift */; };
		2F4FA3611EDFE79900B56D3C /* ViewJokboTableCommentViewCell.swift in Sources */ = {isa = PBXBuildFile; fileRef = 2F4FA3601EDFE79900B56D3C /* ViewJokboTableCommentViewCell.swift */; };
		2F811DF91EC88DEC00382F51 /* GoogleService-Info.plist in Resources */ = {isa = PBXBuildFile; fileRef = 2F811DF81EC88DEC00382F51 /* GoogleService-Info.plist */; };
		2FF113D61ED867EA0081B3C2 /* SignUpViewController.swift in Sources */ = {isa = PBXBuildFile; fileRef = 2FF113D51ED867EA0081B3C2 /* SignUpViewController.swift */; };
		2FF1E5B51EE1902400DE702E /* ViewGoohaeTableViewController.swift in Sources */ = {isa = PBXBuildFile; fileRef = 2FF1E5B41EE1902400DE702E /* ViewGoohaeTableViewController.swift */; };
		2FFABCFE1EDFCA4300F3D0EB /* ViewJokboTableTitleViewCell.swift in Sources */ = {isa = PBXBuildFile; fileRef = 2FFABCFD1EDFCA4300F3D0EB /* ViewJokboTableTitleViewCell.swift */; };
		2FFABD001EDFD2FE00F3D0EB /* ViewJokboTableViewController.swift in Sources */ = {isa = PBXBuildFile; fileRef = 2FFABCFF1EDFD2FE00F3D0EB /* ViewJokboTableViewController.swift */; };
		2FFDB4411EC5B21F003965A2 /* JokboUploadViewController.swift in Sources */ = {isa = PBXBuildFile; fileRef = 2FFDB4401EC5B21F003965A2 /* JokboUploadViewController.swift */; };
		352B919E44EE73DCC7DE37E9 /* Pods_HyuJokbo.framework in Frameworks */ = {isa = PBXBuildFile; fileRef = 0FC51CDA8A01E9363B43B7AD /* Pods_HyuJokbo.framework */; };
		7700FE1D1ECDA68E00D133C5 /* HonorViewController.swift in Sources */ = {isa = PBXBuildFile; fileRef = 7700FE141ECDA68E00D133C5 /* HonorViewController.swift */; };
		7700FE251ECDAACC00D133C5 /* SearchView.swift in Sources */ = {isa = PBXBuildFile; fileRef = 7700FE231ECDAACC00D133C5 /* SearchView.swift */; };
		7700FE261ECDAACC00D133C5 /* SearchView.xib in Resources */ = {isa = PBXBuildFile; fileRef = 7700FE241ECDAACC00D133C5 /* SearchView.xib */; };
		7700FE381ECDAD7800D133C5 /* GoohaeTabStoryboard.storyboard in Resources */ = {isa = PBXBuildFile; fileRef = 7700FE331ECDAD7800D133C5 /* GoohaeTabStoryboard.storyboard */; };
		7700FE3A1ECDAD7800D133C5 /* JokboTabStoryboard.storyboard in Resources */ = {isa = PBXBuildFile; fileRef = 7700FE351ECDAD7800D133C5 /* JokboTabStoryboard.storyboard */; };
		7700FE3C1ECDAD7800D133C5 /* MydataTabStoryboard.storyboard in Resources */ = {isa = PBXBuildFile; fileRef = 7700FE371ECDAD7800D133C5 /* MydataTabStoryboard.storyboard */; };
		7700FE3E1ECEC82500D133C5 /* JokboTabUploadStoryboard.storyboard in Resources */ = {isa = PBXBuildFile; fileRef = 7700FE3D1ECEC82500D133C5 /* JokboTabUploadStoryboard.storyboard */; };
		7700FE401ECEC83200D133C5 /* HonorTabStoryboard.storyboard in Resources */ = {isa = PBXBuildFile; fileRef = 7700FE3F1ECEC83200D133C5 /* HonorTabStoryboard.storyboard */; };
		772F0C3B1EDFCC1900BE2576 /* GoogleSignIn.bundle in Resources */ = {isa = PBXBuildFile; fileRef = 772F0C3A1EDFCC1900BE2576 /* GoogleSignIn.bundle */; };
		772F0C3D1EDFCC5700BE2576 /* SafariServices.framework in Frameworks */ = {isa = PBXBuildFile; fileRef = 772F0C3C1EDFCC5700BE2576 /* SafariServices.framework */; };
		772F0C3F1EDFCC6100BE2576 /* SystemConfiguration.framework in Frameworks */ = {isa = PBXBuildFile; fileRef = 772F0C3E1EDFCC6100BE2576 /* SystemConfiguration.framework */; };
		772F0C491EDFCC9400BE2576 /* libz.1.2.8.tbd in Frameworks */ = {isa = PBXBuildFile; fileRef = 772F0C481EDFCC9400BE2576 /* libz.1.2.8.tbd */; };
		772F0C4B1EDFCC9F00BE2576 /* libz.1.dylib in Frameworks */ = {isa = PBXBuildFile; fileRef = 772F0C4A1EDFCC9F00BE2576 /* libz.1.dylib */; };
		772F0C501EDFCE1C00BE2576 /* GoogleAppUtilities.framework in Resources */ = {isa = PBXBuildFile; fileRef = 772F0C4C1EDFCE1C00BE2576 /* GoogleAppUtilities.framework */; };
		772F0C511EDFCE1C00BE2576 /* GoogleSignIn.framework in Resources */ = {isa = PBXBuildFile; fileRef = 772F0C4D1EDFCE1C00BE2576 /* GoogleSignIn.framework */; };
		772F0C521EDFCE1C00BE2576 /* GoogleSignInDependencies.framework in Resources */ = {isa = PBXBuildFile; fileRef = 772F0C4E1EDFCE1C00BE2576 /* GoogleSignInDependencies.framework */; };
		772F0C531EDFCE1C00BE2576 /* GoogleSymbolUtilities.framework in Resources */ = {isa = PBXBuildFile; fileRef = 772F0C4F1EDFCE1C00BE2576 /* GoogleSymbolUtilities.framework */; };
		772F0C541EDFCE3400BE2576 /* GoogleAppUtilities.framework in Frameworks */ = {isa = PBXBuildFile; fileRef = 772F0C4C1EDFCE1C00BE2576 /* GoogleAppUtilities.framework */; };
		772F0C551EDFCE3400BE2576 /* GoogleSignIn.bundle in Frameworks */ = {isa = PBXBuildFile; fileRef = 772F0C3A1EDFCC1900BE2576 /* GoogleSignIn.bundle */; };
		772F0C561EDFCE3400BE2576 /* GoogleSignIn.framework in Frameworks */ = {isa = PBXBuildFile; fileRef = 772F0C4D1EDFCE1C00BE2576 /* GoogleSignIn.framework */; };
		772F0C571EDFCE3400BE2576 /* GoogleSignInDependencies.framework in Frameworks */ = {isa = PBXBuildFile; fileRef = 772F0C4E1EDFCE1C00BE2576 /* GoogleSignInDependencies.framework */; };
		772F0C581EDFCE3400BE2576 /* GoogleSymbolUtilities.framework in Frameworks */ = {isa = PBXBuildFile; fileRef = 772F0C4F1EDFCE1C00BE2576 /* GoogleSymbolUtilities.framework */; };
		772F0C5A1EE07B4A00BE2576 /* MydataViewController.swift in Sources */ = {isa = PBXBuildFile; fileRef = 772F0C591EE07B4A00BE2576 /* MydataViewController.swift */; };
		772F0C5C1EE07BF300BE2576 /* MydataJokboButton.swift in Sources */ = {isa = PBXBuildFile; fileRef = 772F0C5B1EE07BF300BE2576 /* MydataJokboButton.swift */; };
		772F0C601EE0F1CF00BE2576 /* HonorMemberImageView.swift in Sources */ = {isa = PBXBuildFile; fileRef = 772F0C5F1EE0F1CF00BE2576 /* HonorMemberImageView.swift */; };
		77406ACB1EE31C8600A2F931 /* Assets.xcassets in Resources */ = {isa = PBXBuildFile; fileRef = 77406AC91EE31C8600A2F931 /* Assets.xcassets */; };
		77406ACC1EE31C8600A2F931 /* Base.lproj in Resources */ = {isa = PBXBuildFile; fileRef = 77406ACA1EE31C8600A2F931 /* Base.lproj */; };
		77406AD01EE320A200A2F931 /* HonorJokboTableViewCell.swift in Sources */ = {isa = PBXBuildFile; fileRef = 77406ACE1EE320A200A2F931 /* HonorJokboTableViewCell.swift */; };
		77406AD21EE32D0F00A2F931 /* CommentUploadView.xib in Resources */ = {isa = PBXBuildFile; fileRef = 77406AD11EE32D0F00A2F931 /* CommentUploadView.xib */; };
		77406AD41EE32D2100A2F931 /* CommentUploadView.swift in Sources */ = {isa = PBXBuildFile; fileRef = 77406AD31EE32D2100A2F931 /* CommentUploadView.swift */; };
		774A93B91EC4BB6000B96A56 /* JokboTableViewController.swift in Sources */ = {isa = PBXBuildFile; fileRef = 774A93B81EC4BB6000B96A56 /* JokboTableViewController.swift */; };
		774A93BB1EC4BB6B00B96A56 /* GoohaeTableViewController.swift in Sources */ = {isa = PBXBuildFile; fileRef = 774A93BA1EC4BB6B00B96A56 /* GoohaeTableViewController.swift */; };
		774A93C11EC4BCEC00B96A56 /* DataCenter.plist in Resources */ = {isa = PBXBuildFile; fileRef = 774A93C01EC4BCEC00B96A56 /* DataCenter.plist */; };
		774A93C31EC4C2EA00B96A56 /* JokboTableViewCell.swift in Sources */ = {isa = PBXBuildFile; fileRef = 774A93C21EC4C2EA00B96A56 /* JokboTableViewCell.swift */; };
		77A8E7E91ED3E26E0093F735 /* GoohaeTableViewCell.swift in Sources */ = {isa = PBXBuildFile; fileRef = 77A8E7E81ED3E26E0093F735 /* GoohaeTableViewCell.swift */; };
		77A8E7EB1ED3E2F80093F735 /* GoohaeUploadTableViewController.swift in Sources */ = {isa = PBXBuildFile; fileRef = 77A8E7EA1ED3E2F80093F735 /* GoohaeUploadTableViewController.swift */; };
		77A8E7ED1ED3E33F0093F735 /* GoohaeTabUploadStoryboard.storyboard in Resources */ = {isa = PBXBuildFile; fileRef = 77A8E7EC1ED3E33F0093F735 /* GoohaeTabUploadStoryboard.storyboard */; };
		77A8E7EF1ED67D040093F735 /* LoginViewController.swift in Sources */ = {isa = PBXBuildFile; fileRef = 77A8E7EE1ED67D040093F735 /* LoginViewController.swift */; };
		77A8E7F11ED69C760093F735 /* Data.swift in Sources */ = {isa = PBXBuildFile; fileRef = 77A8E7F01ED69C760093F735 /* Data.swift */; };
		77A8E7F71ED6F1A70093F735 /* HorizontalScrollView.swift in Sources */ = {isa = PBXBuildFile; fileRef = 77A8E7F61ED6F1A70093F735 /* HorizontalScrollView.swift */; };
		77A8E7F91ED716DF0093F735 /* HonorMemberButton.swift in Sources */ = {isa = PBXBuildFile; fileRef = 77A8E7F81ED716DF0093F735 /* HonorMemberButton.swift */; };
/* End PBXBuildFile section */

/* Begin PBXFileReference section */
		0FC51CDA8A01E9363B43B7AD /* Pods_HyuJokbo.framework */ = {isa = PBXFileReference; explicitFileType = wrapper.framework; includeInIndex = 0; path = Pods_HyuJokbo.framework; sourceTree = BUILT_PRODUCTS_DIR; };
		23EA29991EBB226A009F40F8 /* HyuJokbo.app */ = {isa = PBXFileReference; explicitFileType = wrapper.application; includeInIndex = 0; path = HyuJokbo.app; sourceTree = BUILT_PRODUCTS_DIR; };
		23EA299C1EBB226A009F40F8 /* AppDelegate.swift */ = {isa = PBXFileReference; lastKnownFileType = sourcecode.swift; path = AppDelegate.swift; sourceTree = "<group>"; };
		23EA29A11EBB226A009F40F8 /* Base */ = {isa = PBXFileReference; lastKnownFileType = file.storyboard; name = Base; path = Base.lproj/Main.storyboard; sourceTree = "<group>"; };
		23EA29A61EBB226A009F40F8 /* Base */ = {isa = PBXFileReference; lastKnownFileType = file.storyboard; name = Base; path = Base.lproj/LaunchScreen.storyboard; sourceTree = "<group>"; };
		23EA29A81EBB226A009F40F8 /* Info.plist */ = {isa = PBXFileReference; lastKnownFileType = text.plist.xml; path = Info.plist; sourceTree = "<group>"; };
		2F02931D1EDA5A98000BB82E /* HyuJokbo.entitlements */ = {isa = PBXFileReference; lastKnownFileType = text.plist.entitlements; path = HyuJokbo.entitlements; sourceTree = "<group>"; };
		2F4FA35E1EDFE77700B56D3C /* ViewJokboTableContentViewCell.swift */ = {isa = PBXFileReference; fileEncoding = 4; lastKnownFileType = sourcecode.swift; path = ViewJokboTableContentViewCell.swift; sourceTree = "<group>"; };
		2F4FA3601EDFE79900B56D3C /* ViewJokboTableCommentViewCell.swift */ = {isa = PBXFileReference; fileEncoding = 4; lastKnownFileType = sourcecode.swift; path = ViewJokboTableCommentViewCell.swift; sourceTree = "<group>"; };
		2F811DF81EC88DEC00382F51 /* GoogleService-Info.plist */ = {isa = PBXFileReference; fileEncoding = 4; lastKnownFileType = text.plist.xml; path = "GoogleService-Info.plist"; sourceTree = "<group>"; };
		2FF113D51ED867EA0081B3C2 /* SignUpViewController.swift */ = {isa = PBXFileReference; fileEncoding = 4; lastKnownFileType = sourcecode.swift; path = SignUpViewController.swift; sourceTree = "<group>"; };
		2FF1E5B41EE1902400DE702E /* ViewGoohaeTableViewController.swift */ = {isa = PBXFileReference; fileEncoding = 4; lastKnownFileType = sourcecode.swift; path = ViewGoohaeTableViewController.swift; sourceTree = "<group>"; };
		2FFABCFD1EDFCA4300F3D0EB /* ViewJokboTableTitleViewCell.swift */ = {isa = PBXFileReference; fileEncoding = 4; lastKnownFileType = sourcecode.swift; path = ViewJokboTableTitleViewCell.swift; sourceTree = "<group>"; };
		2FFABCFF1EDFD2FE00F3D0EB /* ViewJokboTableViewController.swift */ = {isa = PBXFileReference; fileEncoding = 4; lastKnownFileType = sourcecode.swift; path = ViewJokboTableViewController.swift; sourceTree = "<group>"; };
		2FFDB4401EC5B21F003965A2 /* JokboUploadViewController.swift */ = {isa = PBXFileReference; fileEncoding = 4; lastKnownFileType = sourcecode.swift; path = JokboUploadViewController.swift; sourceTree = "<group>"; wrapsLines = 0; };
		47038DD4EBD2B32427E1F4A2 /* Pods-HyuJokbo.release.xcconfig */ = {isa = PBXFileReference; includeInIndex = 1; lastKnownFileType = text.xcconfig; name = "Pods-HyuJokbo.release.xcconfig"; path = "Pods/Target Support Files/Pods-HyuJokbo/Pods-HyuJokbo.release.xcconfig"; sourceTree = "<group>"; };
		7700FE141ECDA68E00D133C5 /* HonorViewController.swift */ = {isa = PBXFileReference; fileEncoding = 4; lastKnownFileType = sourcecode.swift; path = HonorViewController.swift; sourceTree = "<group>"; };
		7700FE231ECDAACC00D133C5 /* SearchView.swift */ = {isa = PBXFileReference; fileEncoding = 4; lastKnownFileType = sourcecode.swift; path = SearchView.swift; sourceTree = "<group>"; };
		7700FE241ECDAACC00D133C5 /* SearchView.xib */ = {isa = PBXFileReference; fileEncoding = 4; lastKnownFileType = file.xib; path = SearchView.xib; sourceTree = "<group>"; };
		7700FE331ECDAD7800D133C5 /* GoohaeTabStoryboard.storyboard */ = {isa = PBXFileReference; fileEncoding = 4; lastKnownFileType = file.storyboard; path = GoohaeTabStoryboard.storyboard; sourceTree = "<group>"; };
		7700FE351ECDAD7800D133C5 /* JokboTabStoryboard.storyboard */ = {isa = PBXFileReference; fileEncoding = 4; lastKnownFileType = file.storyboard; path = JokboTabStoryboard.storyboard; sourceTree = "<group>"; };
		7700FE371ECDAD7800D133C5 /* MydataTabStoryboard.storyboard */ = {isa = PBXFileReference; fileEncoding = 4; lastKnownFileType = file.storyboard; path = MydataTabStoryboard.storyboard; sourceTree = "<group>"; };
		7700FE3D1ECEC82500D133C5 /* JokboTabUploadStoryboard.storyboard */ = {isa = PBXFileReference; fileEncoding = 4; lastKnownFileType = file.storyboard; path = JokboTabUploadStoryboard.storyboard; sourceTree = "<group>"; };
		7700FE3F1ECEC83200D133C5 /* HonorTabStoryboard.storyboard */ = {isa = PBXFileReference; fileEncoding = 4; lastKnownFileType = file.storyboard; path = HonorTabStoryboard.storyboard; sourceTree = "<group>"; };
		772F0C3A1EDFCC1900BE2576 /* GoogleSignIn.bundle */ = {isa = PBXFileReference; lastKnownFileType = "wrapper.plug-in"; path = GoogleSignIn.bundle; sourceTree = "<group>"; };
		772F0C3C1EDFCC5700BE2576 /* SafariServices.framework */ = {isa = PBXFileReference; lastKnownFileType = wrapper.framework; name = SafariServices.framework; path = System/Library/Frameworks/SafariServices.framework; sourceTree = SDKROOT; };
		772F0C3E1EDFCC6100BE2576 /* SystemConfiguration.framework */ = {isa = PBXFileReference; lastKnownFileType = wrapper.framework; name = SystemConfiguration.framework; path = System/Library/Frameworks/SystemConfiguration.framework; sourceTree = SDKROOT; };
		772F0C401EDFCC8400BE2576 /* GoogleAppUtilities.framework */ = {isa = PBXFileReference; lastKnownFileType = wrapper.framework; name = GoogleAppUtilities.framework; path = ../../../../google_signin_sdk_4_0_1/GoogleAppUtilities.framework; sourceTree = "<group>"; };
		772F0C411EDFCC8400BE2576 /* GoogleSignIn.framework */ = {isa = PBXFileReference; lastKnownFileType = wrapper.framework; name = GoogleSignIn.framework; path = ../../../../google_signin_sdk_4_0_1/GoogleSignIn.framework; sourceTree = "<group>"; };
		772F0C421EDFCC8400BE2576 /* GoogleSignInDependencies.framework */ = {isa = PBXFileReference; lastKnownFileType = wrapper.framework; name = GoogleSignInDependencies.framework; path = ../../../../google_signin_sdk_4_0_1/GoogleSignInDependencies.framework; sourceTree = "<group>"; };
		772F0C431EDFCC8400BE2576 /* GoogleSymbolUtilities.framework */ = {isa = PBXFileReference; lastKnownFileType = wrapper.framework; name = GoogleSymbolUtilities.framework; path = ../../../../google_signin_sdk_4_0_1/GoogleSymbolUtilities.framework; sourceTree = "<group>"; };
		772F0C481EDFCC9400BE2576 /* libz.1.2.8.tbd */ = {isa = PBXFileReference; lastKnownFileType = "sourcecode.text-based-dylib-definition"; name = libz.1.2.8.tbd; path = usr/lib/libz.1.2.8.tbd; sourceTree = SDKROOT; };
		772F0C4A1EDFCC9F00BE2576 /* libz.1.dylib */ = {isa = PBXFileReference; lastKnownFileType = "compiled.mach-o.dylib"; name = libz.1.dylib; path = ../../../../../../../usr/lib/libz.1.dylib; sourceTree = "<group>"; };
		772F0C4C1EDFCE1C00BE2576 /* GoogleAppUtilities.framework */ = {isa = PBXFileReference; lastKnownFileType = wrapper.framework; path = GoogleAppUtilities.framework; sourceTree = "<group>"; };
		772F0C4D1EDFCE1C00BE2576 /* GoogleSignIn.framework */ = {isa = PBXFileReference; lastKnownFileType = wrapper.framework; path = GoogleSignIn.framework; sourceTree = "<group>"; };
		772F0C4E1EDFCE1C00BE2576 /* GoogleSignInDependencies.framework */ = {isa = PBXFileReference; lastKnownFileType = wrapper.framework; path = GoogleSignInDependencies.framework; sourceTree = "<group>"; };
		772F0C4F1EDFCE1C00BE2576 /* GoogleSymbolUtilities.framework */ = {isa = PBXFileReference; lastKnownFileType = wrapper.framework; path = GoogleSymbolUtilities.framework; sourceTree = "<group>"; };
		772F0C591EE07B4A00BE2576 /* MydataViewController.swift */ = {isa = PBXFileReference; fileEncoding = 4; lastKnownFileType = sourcecode.swift; path = MydataViewController.swift; sourceTree = "<group>"; };
		772F0C5B1EE07BF300BE2576 /* MydataJokboButton.swift */ = {isa = PBXFileReference; fileEncoding = 4; lastKnownFileType = sourcecode.swift; path = MydataJokboButton.swift; sourceTree = "<group>"; };
		772F0C5F1EE0F1CF00BE2576 /* HonorMemberImageView.swift */ = {isa = PBXFileReference; fileEncoding = 4; lastKnownFileType = sourcecode.swift; path = HonorMemberImageView.swift; sourceTree = "<group>"; };
		77406AC91EE31C8600A2F931 /* Assets.xcassets */ = {isa = PBXFileReference; lastKnownFileType = folder.assetcatalog; path = Assets.xcassets; sourceTree = "<group>"; };
		77406ACA1EE31C8600A2F931 /* Base.lproj */ = {isa = PBXFileReference; lastKnownFileType = folder; path = Base.lproj; sourceTree = "<group>"; };
		77406ACE1EE320A200A2F931 /* HonorJokboTableViewCell.swift */ = {isa = PBXFileReference; fileEncoding = 4; lastKnownFileType = sourcecode.swift; path = HonorJokboTableViewCell.swift; sourceTree = "<group>"; };
		77406AD11EE32D0F00A2F931 /* CommentUploadView.xib */ = {isa = PBXFileReference; fileEncoding = 4; lastKnownFileType = file.xib; path = CommentUploadView.xib; sourceTree = "<group>"; };
		77406AD31EE32D2100A2F931 /* CommentUploadView.swift */ = {isa = PBXFileReference; fileEncoding = 4; lastKnownFileType = sourcecode.swift; path = CommentUploadView.swift; sourceTree = "<group>"; };
		774A93B81EC4BB6000B96A56 /* JokboTableViewController.swift */ = {isa = PBXFileReference; fileEncoding = 4; lastKnownFileType = sourcecode.swift; path = JokboTableViewController.swift; sourceTree = "<group>"; };
		774A93BA1EC4BB6B00B96A56 /* GoohaeTableViewController.swift */ = {isa = PBXFileReference; fileEncoding = 4; lastKnownFileType = sourcecode.swift; path = GoohaeTableViewController.swift; sourceTree = "<group>"; };
		774A93C01EC4BCEC00B96A56 /* DataCenter.plist */ = {isa = PBXFileReference; fileEncoding = 4; lastKnownFileType = text.plist.xml; path = DataCenter.plist; sourceTree = "<group>"; };
		774A93C21EC4C2EA00B96A56 /* JokboTableViewCell.swift */ = {isa = PBXFileReference; fileEncoding = 4; lastKnownFileType = sourcecode.swift; path = JokboTableViewCell.swift; sourceTree = "<group>"; };
		77A8E7E81ED3E26E0093F735 /* GoohaeTableViewCell.swift */ = {isa = PBXFileReference; fileEncoding = 4; lastKnownFileType = sourcecode.swift; path = GoohaeTableViewCell.swift; sourceTree = "<group>"; };
		77A8E7EA1ED3E2F80093F735 /* GoohaeUploadTableViewController.swift */ = {isa = PBXFileReference; fileEncoding = 4; lastKnownFileType = sourcecode.swift; path = GoohaeUploadTableViewController.swift; sourceTree = "<group>"; };
		77A8E7EC1ED3E33F0093F735 /* GoohaeTabUploadStoryboard.storyboard */ = {isa = PBXFileReference; fileEncoding = 4; lastKnownFileType = file.storyboard; path = GoohaeTabUploadStoryboard.storyboard; sourceTree = "<group>"; };
		77A8E7EE1ED67D040093F735 /* LoginViewController.swift */ = {isa = PBXFileReference; fileEncoding = 4; lastKnownFileType = sourcecode.swift; path = LoginViewController.swift; sourceTree = "<group>"; };
		77A8E7F01ED69C760093F735 /* Data.swift */ = {isa = PBXFileReference; fileEncoding = 4; lastKnownFileType = sourcecode.swift; path = Data.swift; sourceTree = "<group>"; };
		77A8E7F61ED6F1A70093F735 /* HorizontalScrollView.swift */ = {isa = PBXFileReference; fileEncoding = 4; lastKnownFileType = sourcecode.swift; path = HorizontalScrollView.swift; sourceTree = "<group>"; };
		77A8E7F81ED716DF0093F735 /* HonorMemberButton.swift */ = {isa = PBXFileReference; fileEncoding = 4; lastKnownFileType = sourcecode.swift; path = HonorMemberButton.swift; sourceTree = "<group>"; };
		B3DD45124F9E08221214578A /* Pods-HyuJokbo.debug.xcconfig */ = {isa = PBXFileReference; includeInIndex = 1; lastKnownFileType = text.xcconfig; name = "Pods-HyuJokbo.debug.xcconfig"; path = "Pods/Target Support Files/Pods-HyuJokbo/Pods-HyuJokbo.debug.xcconfig"; sourceTree = "<group>"; };
/* End PBXFileReference section */

/* Begin PBXFrameworksBuildPhase section */
		23EA29961EBB226A009F40F8 /* Frameworks */ = {
			isa = PBXFrameworksBuildPhase;
			buildActionMask = 2147483647;
			files = (
				772F0C541EDFCE3400BE2576 /* GoogleAppUtilities.framework in Frameworks */,
				772F0C551EDFCE3400BE2576 /* GoogleSignIn.bundle in Frameworks */,
				772F0C561EDFCE3400BE2576 /* GoogleSignIn.framework in Frameworks */,
				772F0C571EDFCE3400BE2576 /* GoogleSignInDependencies.framework in Frameworks */,
				772F0C581EDFCE3400BE2576 /* GoogleSymbolUtilities.framework in Frameworks */,
				772F0C3F1EDFCC6100BE2576 /* SystemConfiguration.framework in Frameworks */,
				772F0C3D1EDFCC5700BE2576 /* SafariServices.framework in Frameworks */,
				772F0C4B1EDFCC9F00BE2576 /* libz.1.dylib in Frameworks */,
				772F0C491EDFCC9400BE2576 /* libz.1.2.8.tbd in Frameworks */,
				352B919E44EE73DCC7DE37E9 /* Pods_HyuJokbo.framework in Frameworks */,
			);
			runOnlyForDeploymentPostprocessing = 0;
		};
/* End PBXFrameworksBuildPhase section */

/* Begin PBXGroup section */
		23EA29901EBB226A009F40F8 = {
			isa = PBXGroup;
			children = (
				772F0C4C1EDFCE1C00BE2576 /* GoogleAppUtilities.framework */,
				772F0C4D1EDFCE1C00BE2576 /* GoogleSignIn.framework */,
				772F0C4E1EDFCE1C00BE2576 /* GoogleSignInDependencies.framework */,
				772F0C4F1EDFCE1C00BE2576 /* GoogleSymbolUtilities.framework */,
				772F0C3A1EDFCC1900BE2576 /* GoogleSignIn.bundle */,
				23EA299B1EBB226A009F40F8 /* HyuJokbo */,
				23EA299A1EBB226A009F40F8 /* Products */,
				6EA62B5BD32461C969BCB448 /* Pods */,
				A7FF53FACE157F7925422B0F /* Frameworks */,
			);
			sourceTree = "<group>";
		};
		23EA299A1EBB226A009F40F8 /* Products */ = {
			isa = PBXGroup;
			children = (
				23EA29991EBB226A009F40F8 /* HyuJokbo.app */,
			);
			name = Products;
			sourceTree = "<group>";
		};
		23EA299B1EBB226A009F40F8 /* HyuJokbo */ = {
			isa = PBXGroup;
			children = (
				77406AC91EE31C8600A2F931 /* Assets.xcassets */,
				77406ACA1EE31C8600A2F931 /* Base.lproj */,
				2F02931D1EDA5A98000BB82E /* HyuJokbo.entitlements */,
				23EA29A81EBB226A009F40F8 /* Info.plist */,
				774A93C01EC4BCEC00B96A56 /* DataCenter.plist */,
				2F811DF81EC88DEC00382F51 /* GoogleService-Info.plist */,
				23EA299C1EBB226A009F40F8 /* AppDelegate.swift */,
				77A8E7F01ED69C760093F735 /* Data.swift */,
				77A8E7E81ED3E26E0093F735 /* GoohaeTableViewCell.swift */,
				774A93BA1EC4BB6B00B96A56 /* GoohaeTableViewController.swift */,
				2FF1E5B41EE1902400DE702E /* ViewGoohaeTableViewController.swift */,
				7700FE331ECDAD7800D133C5 /* GoohaeTabStoryboard.storyboard */,
				77A8E7EC1ED3E33F0093F735 /* GoohaeTabUploadStoryboard.storyboard */,
				77A8E7EA1ED3E2F80093F735 /* GoohaeUploadTableViewController.swift */,
				77A8E7F81ED716DF0093F735 /* HonorMemberButton.swift */,
				7700FE3F1ECEC83200D133C5 /* HonorTabStoryboard.storyboard */,
				77406ACE1EE320A200A2F931 /* HonorJokboTableViewCell.swift */,
				7700FE141ECDA68E00D133C5 /* HonorViewController.swift */,
				772F0C5F1EE0F1CF00BE2576 /* HonorMemberImageView.swift */,
				77A8E7F61ED6F1A70093F735 /* HorizontalScrollView.swift */,
				774A93C21EC4C2EA00B96A56 /* JokboTableViewCell.swift */,
				774A93B81EC4BB6000B96A56 /* JokboTableViewController.swift */,
				7700FE351ECDAD7800D133C5 /* JokboTabStoryboard.storyboard */,
				7700FE3D1ECEC82500D133C5 /* JokboTabUploadStoryboard.storyboard */,
				2FFDB4401EC5B21F003965A2 /* JokboUploadViewController.swift */,
				23EA29A51EBB226A009F40F8 /* LaunchScreen.storyboard */,
				77A8E7EE1ED67D040093F735 /* LoginViewController.swift */,
				23EA29A01EBB226A009F40F8 /* Main.storyboard */,
				7700FE371ECDAD7800D133C5 /* MydataTabStoryboard.storyboard */,
				772F0C5B1EE07BF300BE2576 /* MydataJokboButton.swift */,
				77406AD11EE32D0F00A2F931 /* CommentUploadView.xib */,
				77406AD31EE32D2100A2F931 /* CommentUploadView.swift */,
				772F0C591EE07B4A00BE2576 /* MydataViewController.swift */,
				7700FE231ECDAACC00D133C5 /* SearchView.swift */,
				7700FE241ECDAACC00D133C5 /* SearchView.xib */,
				2FF113D51ED867EA0081B3C2 /* SignUpViewController.swift */,
				2F4FA3601EDFE79900B56D3C /* ViewJokboTableCommentViewCell.swift */,
				2F4FA35E1EDFE77700B56D3C /* ViewJokboTableContentViewCell.swift */,
				2FFABCFD1EDFCA4300F3D0EB /* ViewJokboTableTitleViewCell.swift */,
				2FFABCFF1EDFD2FE00F3D0EB /* ViewJokboTableViewController.swift */,
			);
			path = HyuJokbo;
			sourceTree = "<group>";
		};
		6EA62B5BD32461C969BCB448 /* Pods */ = {
			isa = PBXGroup;
			children = (
				B3DD45124F9E08221214578A /* Pods-HyuJokbo.debug.xcconfig */,
				47038DD4EBD2B32427E1F4A2 /* Pods-HyuJokbo.release.xcconfig */,
			);
			name = Pods;
			sourceTree = "<group>";
		};
		A7FF53FACE157F7925422B0F /* Frameworks */ = {
			isa = PBXGroup;
			children = (
				772F0C4A1EDFCC9F00BE2576 /* libz.1.dylib */,
				772F0C481EDFCC9400BE2576 /* libz.1.2.8.tbd */,
				772F0C401EDFCC8400BE2576 /* GoogleAppUtilities.framework */,
				772F0C411EDFCC8400BE2576 /* GoogleSignIn.framework */,
				772F0C421EDFCC8400BE2576 /* GoogleSignInDependencies.framework */,
				772F0C431EDFCC8400BE2576 /* GoogleSymbolUtilities.framework */,
				772F0C3E1EDFCC6100BE2576 /* SystemConfiguration.framework */,
				772F0C3C1EDFCC5700BE2576 /* SafariServices.framework */,
				0FC51CDA8A01E9363B43B7AD /* Pods_HyuJokbo.framework */,
			);
			name = Frameworks;
			sourceTree = "<group>";
		};
/* End PBXGroup section */

/* Begin PBXNativeTarget section */
		23EA29981EBB226A009F40F8 /* HyuJokbo */ = {
			isa = PBXNativeTarget;
			buildConfigurationList = 23EA29AB1EBB226A009F40F8 /* Build configuration list for PBXNativeTarget "HyuJokbo" */;
			buildPhases = (
				575BA41A017CCE70C1AB08A3 /* [CP] Check Pods Manifest.lock */,
				23EA29951EBB226A009F40F8 /* Sources */,
				23EA29961EBB226A009F40F8 /* Frameworks */,
				23EA29971EBB226A009F40F8 /* Resources */,
				3237103706368AB3B20BC237 /* [CP] Embed Pods Frameworks */,
				C7125B56622F2F683D8C0192 /* [CP] Copy Pods Resources */,
			);
			buildRules = (
			);
			dependencies = (
			);
			name = HyuJokbo;
			productName = HyuJokbo;
			productReference = 23EA29991EBB226A009F40F8 /* HyuJokbo.app */;
			productType = "com.apple.product-type.application";
		};
/* End PBXNativeTarget section */

/* Begin PBXProject section */
		23EA29911EBB226A009F40F8 /* Project object */ = {
			isa = PBXProject;
			attributes = {
				LastSwiftUpdateCheck = 0830;
				LastUpgradeCheck = 0830;
				ORGANIZATIONNAME = "박한솔";
				TargetAttributes = {
					23EA29981EBB226A009F40F8 = {
						CreatedOnToolsVersion = 8.3.2;
						ProvisioningStyle = Automatic;
						SystemCapabilities = {
							com.apple.Keychain = {
								enabled = 1;
							};
						};
					};
				};
			};
			buildConfigurationList = 23EA29941EBB226A009F40F8 /* Build configuration list for PBXProject "HyuJokbo" */;
			compatibilityVersion = "Xcode 3.2";
			developmentRegion = English;
			hasScannedForEncodings = 0;
			knownRegions = (
				en,
				Base,
			);
			mainGroup = 23EA29901EBB226A009F40F8;
			productRefGroup = 23EA299A1EBB226A009F40F8 /* Products */;
			projectDirPath = "";
			projectRoot = "";
			targets = (
				23EA29981EBB226A009F40F8 /* HyuJokbo */,
			);
		};
/* End PBXProject section */

/* Begin PBXResourcesBuildPhase section */
		23EA29971EBB226A009F40F8 /* Resources */ = {
			isa = PBXResourcesBuildPhase;
			buildActionMask = 2147483647;
			files = (
				772F0C501EDFCE1C00BE2576 /* GoogleAppUtilities.framework in Resources */,
				772F0C511EDFCE1C00BE2576 /* GoogleSignIn.framework in Resources */,
				772F0C521EDFCE1C00BE2576 /* GoogleSignInDependencies.framework in Resources */,
				772F0C531EDFCE1C00BE2576 /* GoogleSymbolUtilities.framework in Resources */,
				77406AD21EE32D0F00A2F931 /* CommentUploadView.xib in Resources */,
				772F0C3B1EDFCC1900BE2576 /* GoogleSignIn.bundle in Resources */,
				23EA29A71EBB226A009F40F8 /* LaunchScreen.storyboard in Resources */,
				77406ACB1EE31C8600A2F931 /* Assets.xcassets in Resources */,
				7700FE381ECDAD7800D133C5 /* GoohaeTabStoryboard.storyboard in Resources */,
				7700FE401ECEC83200D133C5 /* HonorTabStoryboard.storyboard in Resources */,
				7700FE3A1ECDAD7800D133C5 /* JokboTabStoryboard.storyboard in Resources */,
				77406ACC1EE31C8600A2F931 /* Base.lproj in Resources */,
				7700FE261ECDAACC00D133C5 /* SearchView.xib in Resources */,
				774A93C11EC4BCEC00B96A56 /* DataCenter.plist in Resources */,
				7700FE3C1ECDAD7800D133C5 /* MydataTabStoryboard.storyboard in Resources */,
				2F811DF91EC88DEC00382F51 /* GoogleService-Info.plist in Resources */,
				7700FE3E1ECEC82500D133C5 /* JokboTabUploadStoryboard.storyboard in Resources */,
				23EA29A21EBB226A009F40F8 /* Main.storyboard in Resources */,
				77A8E7ED1ED3E33F0093F735 /* GoohaeTabUploadStoryboard.storyboard in Resources */,
			);
			runOnlyForDeploymentPostprocessing = 0;
		};
/* End PBXResourcesBuildPhase section */

/* Begin PBXShellScriptBuildPhase section */
		3237103706368AB3B20BC237 /* [CP] Embed Pods Frameworks */ = {
			isa = PBXShellScriptBuildPhase;
			buildActionMask = 2147483647;
			files = (
			);
			inputPaths = (
			);
			name = "[CP] Embed Pods Frameworks";
			outputPaths = (
			);
			runOnlyForDeploymentPostprocessing = 0;
			shellPath = /bin/sh;
			shellScript = "\"${SRCROOT}/Pods/Target Support Files/Pods-HyuJokbo/Pods-HyuJokbo-frameworks.sh\"\n";
			showEnvVarsInLog = 0;
		};
		575BA41A017CCE70C1AB08A3 /* [CP] Check Pods Manifest.lock */ = {
			isa = PBXShellScriptBuildPhase;
			buildActionMask = 2147483647;
			files = (
			);
			inputPaths = (
			);
			name = "[CP] Check Pods Manifest.lock";
			outputPaths = (
			);
			runOnlyForDeploymentPostprocessing = 0;
			shellPath = /bin/sh;
			shellScript = "diff \"${PODS_PODFILE_DIR_PATH}/Podfile.lock\" \"${PODS_ROOT}/Manifest.lock\" > /dev/null\nif [ $? != 0 ] ; then\n    # print error to STDERR\n    echo \"error: The sandbox is not in sync with the Podfile.lock. Run 'pod install' or update your CocoaPods installation.\" >&2\n    exit 1\nfi\n";
			showEnvVarsInLog = 0;
		};
		C7125B56622F2F683D8C0192 /* [CP] Copy Pods Resources */ = {
			isa = PBXShellScriptBuildPhase;
			buildActionMask = 2147483647;
			files = (
			);
			inputPaths = (
			);
			name = "[CP] Copy Pods Resources";
			outputPaths = (
			);
			runOnlyForDeploymentPostprocessing = 0;
			shellPath = /bin/sh;
			shellScript = "\"${SRCROOT}/Pods/Target Support Files/Pods-HyuJokbo/Pods-HyuJokbo-resources.sh\"\n";
			showEnvVarsInLog = 0;
		};
/* End PBXShellScriptBuildPhase section */

/* Begin PBXSourcesBuildPhase section */
		23EA29951EBB226A009F40F8 /* Sources */ = {
			isa = PBXSourcesBuildPhase;
			buildActionMask = 2147483647;
			files = (
				2F4FA3611EDFE79900B56D3C /* ViewJokboTableCommentViewCell.swift in Sources */,
				2FF1E5B51EE1902400DE702E /* ViewGoohaeTableViewController.swift in Sources */,
				77A8E7EF1ED67D040093F735 /* LoginViewController.swift in Sources */,
				2F4FA35F1EDFE77700B56D3C /* ViewJokboTableContentViewCell.swift in Sources */,
				77A8E7F71ED6F1A70093F735 /* HorizontalScrollView.swift in Sources */,
				772F0C5A1EE07B4A00BE2576 /* MydataViewController.swift in Sources */,
				77406AD01EE320A200A2F931 /* HonorJokboTableViewCell.swift in Sources */,
				2FFABD001EDFD2FE00F3D0EB /* ViewJokboTableViewController.swift in Sources */,
				774A93BB1EC4BB6B00B96A56 /* GoohaeTableViewController.swift in Sources */,
				2FFDB4411EC5B21F003965A2 /* JokboUploadViewController.swift in Sources */,
				77406AD41EE32D2100A2F931 /* CommentUploadView.swift in Sources */,
				774A93C31EC4C2EA00B96A56 /* JokboTableViewCell.swift in Sources */,
				7700FE1D1ECDA68E00D133C5 /* HonorViewController.swift in Sources */,
				772F0C5C1EE07BF300BE2576 /* MydataJokboButton.swift in Sources */,
				77A8E7E91ED3E26E0093F735 /* GoohaeTableViewCell.swift in Sources */,
				774A93B91EC4BB6000B96A56 /* JokboTableViewController.swift in Sources */,
				2FF113D61ED867EA0081B3C2 /* SignUpViewController.swift in Sources */,
				2FFABCFE1EDFCA4300F3D0EB /* ViewJokboTableTitleViewCell.swift in Sources */,
				77A8E7F11ED69C760093F735 /* Data.swift in Sources */,
				77A8E7EB1ED3E2F80093F735 /* GoohaeUploadTableViewController.swift in Sources */,
				77A8E7F91ED716DF0093F735 /* HonorMemberButton.swift in Sources */,
				772F0C601EE0F1CF00BE2576 /* HonorMemberImageView.swift in Sources */,
				23EA299D1EBB226A009F40F8 /* AppDelegate.swift in Sources */,
				7700FE251ECDAACC00D133C5 /* SearchView.swift in Sources */,
			);
			runOnlyForDeploymentPostprocessing = 0;
		};
/* End PBXSourcesBuildPhase section */

/* Begin PBXVariantGroup section */
		23EA29A01EBB226A009F40F8 /* Main.storyboard */ = {
			isa = PBXVariantGroup;
			children = (
				23EA29A11EBB226A009F40F8 /* Base */,
			);
			name = Main.storyboard;
			sourceTree = "<group>";
		};
		23EA29A51EBB226A009F40F8 /* LaunchScreen.storyboard */ = {
			isa = PBXVariantGroup;
			children = (
				23EA29A61EBB226A009F40F8 /* Base */,
			);
			name = LaunchScreen.storyboard;
			sourceTree = "<group>";
		};
/* End PBXVariantGroup section */

/* Begin XCBuildConfiguration section */
		23EA29A91EBB226A009F40F8 /* Debug */ = {
			isa = XCBuildConfiguration;
			buildSettings = {
				ALWAYS_SEARCH_USER_PATHS = NO;
				CLANG_ANALYZER_NONNULL = YES;
				CLANG_ANALYZER_NUMBER_OBJECT_CONVERSION = YES_AGGRESSIVE;
				CLANG_CXX_LANGUAGE_STANDARD = "gnu++0x";
				CLANG_CXX_LIBRARY = "libc++";
				CLANG_ENABLE_MODULES = YES;
				CLANG_ENABLE_OBJC_ARC = YES;
				CLANG_WARN_BOOL_CONVERSION = YES;
				CLANG_WARN_CONSTANT_CONVERSION = YES;
				CLANG_WARN_DIRECT_OBJC_ISA_USAGE = YES_ERROR;
				CLANG_WARN_DOCUMENTATION_COMMENTS = YES;
				CLANG_WARN_EMPTY_BODY = YES;
				CLANG_WARN_ENUM_CONVERSION = YES;
				CLANG_WARN_INFINITE_RECURSION = YES;
				CLANG_WARN_INT_CONVERSION = YES;
				CLANG_WARN_OBJC_ROOT_CLASS = YES_ERROR;
				CLANG_WARN_SUSPICIOUS_MOVE = YES;
				CLANG_WARN_UNREACHABLE_CODE = YES;
				CLANG_WARN__DUPLICATE_METHOD_MATCH = YES;
				"CODE_SIGN_IDENTITY[sdk=iphoneos*]" = "iPhone Developer";
				COPY_PHASE_STRIP = NO;
				DEBUG_INFORMATION_FORMAT = dwarf;
				ENABLE_STRICT_OBJC_MSGSEND = YES;
				ENABLE_TESTABILITY = YES;
				GCC_C_LANGUAGE_STANDARD = gnu99;
				GCC_DYNAMIC_NO_PIC = NO;
				GCC_NO_COMMON_BLOCKS = YES;
				GCC_OPTIMIZATION_LEVEL = 0;
				GCC_PREPROCESSOR_DEFINITIONS = (
					"DEBUG=1",
					"$(inherited)",
				);
				GCC_WARN_64_TO_32_BIT_CONVERSION = YES;
				GCC_WARN_ABOUT_RETURN_TYPE = YES_ERROR;
				GCC_WARN_UNDECLARED_SELECTOR = YES;
				GCC_WARN_UNINITIALIZED_AUTOS = YES_AGGRESSIVE;
				GCC_WARN_UNUSED_FUNCTION = YES;
				GCC_WARN_UNUSED_VARIABLE = YES;
				IPHONEOS_DEPLOYMENT_TARGET = 10.3;
				MTL_ENABLE_DEBUG_INFO = YES;
				ONLY_ACTIVE_ARCH = YES;
				SDKROOT = iphoneos;
				SWIFT_ACTIVE_COMPILATION_CONDITIONS = DEBUG;
				SWIFT_OPTIMIZATION_LEVEL = "-Onone";
				TARGETED_DEVICE_FAMILY = "1,2";
			};
			name = Debug;
		};
		23EA29AA1EBB226A009F40F8 /* Release */ = {
			isa = XCBuildConfiguration;
			buildSettings = {
				ALWAYS_SEARCH_USER_PATHS = NO;
				CLANG_ANALYZER_NONNULL = YES;
				CLANG_ANALYZER_NUMBER_OBJECT_CONVERSION = YES_AGGRESSIVE;
				CLANG_CXX_LANGUAGE_STANDARD = "gnu++0x";
				CLANG_CXX_LIBRARY = "libc++";
				CLANG_ENABLE_MODULES = YES;
				CLANG_ENABLE_OBJC_ARC = YES;
				CLANG_WARN_BOOL_CONVERSION = YES;
				CLANG_WARN_CONSTANT_CONVERSION = YES;
				CLANG_WARN_DIRECT_OBJC_ISA_USAGE = YES_ERROR;
				CLANG_WARN_DOCUMENTATION_COMMENTS = YES;
				CLANG_WARN_EMPTY_BODY = YES;
				CLANG_WARN_ENUM_CONVERSION = YES;
				CLANG_WARN_INFINITE_RECURSION = YES;
				CLANG_WARN_INT_CONVERSION = YES;
				CLANG_WARN_OBJC_ROOT_CLASS = YES_ERROR;
				CLANG_WARN_SUSPICIOUS_MOVE = YES;
				CLANG_WARN_UNREACHABLE_CODE = YES;
				CLANG_WARN__DUPLICATE_METHOD_MATCH = YES;
				"CODE_SIGN_IDENTITY[sdk=iphoneos*]" = "iPhone Developer";
				COPY_PHASE_STRIP = NO;
				DEBUG_INFORMATION_FORMAT = "dwarf-with-dsym";
				ENABLE_NS_ASSERTIONS = NO;
				ENABLE_STRICT_OBJC_MSGSEND = YES;
				GCC_C_LANGUAGE_STANDARD = gnu99;
				GCC_NO_COMMON_BLOCKS = YES;
				GCC_WARN_64_TO_32_BIT_CONVERSION = YES;
				GCC_WARN_ABOUT_RETURN_TYPE = YES_ERROR;
				GCC_WARN_UNDECLARED_SELECTOR = YES;
				GCC_WARN_UNINITIALIZED_AUTOS = YES_AGGRESSIVE;
				GCC_WARN_UNUSED_FUNCTION = YES;
				GCC_WARN_UNUSED_VARIABLE = YES;
				IPHONEOS_DEPLOYMENT_TARGET = 10.3;
				MTL_ENABLE_DEBUG_INFO = NO;
				SDKROOT = iphoneos;
				SWIFT_OPTIMIZATION_LEVEL = "-Owholemodule";
				TARGETED_DEVICE_FAMILY = "1,2";
				VALIDATE_PRODUCT = YES;
			};
			name = Release;
		};
		23EA29AC1EBB226A009F40F8 /* Debug */ = {
			isa = XCBuildConfiguration;
			baseConfigurationReference = B3DD45124F9E08221214578A /* Pods-HyuJokbo.debug.xcconfig */;
			buildSettings = {
				ASSETCATALOG_COMPILER_APPICON_NAME = AppIcon;
				CODE_SIGN_ENTITLEMENTS = HyuJokbo/HyuJokbo.entitlements;
				"CODE_SIGN_IDENTITY[sdk=iphoneos*]" = "iPhone Developer";
				DEVELOPMENT_TEAM = "";
				FRAMEWORK_SEARCH_PATHS = (
					"$(inherited)",
					"\"$PODS_CONFIGURATION_BUILD_DIR/Alamofire\"",
					"\"$PODS_CONFIGURATION_BUILD_DIR/Bolts\"",
					"\"$PODS_CONFIGURATION_BUILD_DIR/DLRadioButton\"",
					"\"$PODS_CONFIGURATION_BUILD_DIR/FBSDKCoreKit\"",
					"\"$PODS_CONFIGURATION_BUILD_DIR/FBSDKLoginKit\"",
					"\"$PODS_CONFIGURATION_BUILD_DIR/FBSDKShareKit\"",
					"\"$PODS_CONFIGURATION_BUILD_DIR/FacebookCore\"",
					"\"$PODS_CONFIGURATION_BUILD_DIR/FacebookLogin\"",
					"\"$PODS_CONFIGURATION_BUILD_DIR/FacebookShare\"",
					"\"$PODS_CONFIGURATION_BUILD_DIR/GTMOAuth2\"",
					"\"$PODS_CONFIGURATION_BUILD_DIR/GTMSessionFetcher\"",
					"\"$PODS_CONFIGURATION_BUILD_DIR/GoogleToolboxForMac\"",
					"\"${PODS_ROOT}/FirebaseAnalytics/Frameworks\"",
					"\"${PODS_ROOT}/FirebaseAuth/Frameworks\"",
					"\"${PODS_ROOT}/FirebaseCore/Frameworks\"",
					"\"${PODS_ROOT}/FirebaseDatabase/Frameworks\"",
					"\"${PODS_ROOT}/FirebaseInstanceID/Frameworks\"",
					"\"${PODS_ROOT}/GoogleSignIn/Frameworks\"",
					"~/Documents/FacebookSDK",
					"$(PROJECT_DIR)",
				);
				INFOPLIST_FILE = HyuJokbo/Info.plist;
				IPHONEOS_DEPLOYMENT_TARGET = 10.2;
				LD_RUNPATH_SEARCH_PATHS = "$(inherited) @executable_path/Frameworks -ObjC -all_load";
				PRODUCT_BUNDLE_IDENTIFIER = hanyang.HyuJokbo;
				PRODUCT_NAME = "$(TARGET_NAME)";
				SWIFT_VERSION = 3.0;
			};
			name = Debug;
		};
		23EA29AD1EBB226A009F40F8 /* Release */ = {
			isa = XCBuildConfiguration;
			baseConfigurationReference = 47038DD4EBD2B32427E1F4A2 /* Pods-HyuJokbo.release.xcconfig */;
			buildSettings = {
				ASSETCATALOG_COMPILER_APPICON_NAME = AppIcon;
				CODE_SIGN_ENTITLEMENTS = HyuJokbo/HyuJokbo.entitlements;
				"CODE_SIGN_IDENTITY[sdk=iphoneos*]" = "iPhone Developer";
				DEVELOPMENT_TEAM = "";
				FRAMEWORK_SEARCH_PATHS = (
					"$(inherited)",
					"\"$PODS_CONFIGURATION_BUILD_DIR/Alamofire\"",
					"\"$PODS_CONFIGURATION_BUILD_DIR/Bolts\"",
					"\"$PODS_CONFIGURATION_BUILD_DIR/DLRadioButton\"",
					"\"$PODS_CONFIGURATION_BUILD_DIR/FBSDKCoreKit\"",
					"\"$PODS_CONFIGURATION_BUILD_DIR/FBSDKLoginKit\"",
					"\"$PODS_CONFIGURATION_BUILD_DIR/FBSDKShareKit\"",
					"\"$PODS_CONFIGURATION_BUILD_DIR/FacebookCore\"",
					"\"$PODS_CONFIGURATION_BUILD_DIR/FacebookLogin\"",
					"\"$PODS_CONFIGURATION_BUILD_DIR/FacebookShare\"",
					"\"$PODS_CONFIGURATION_BUILD_DIR/GTMOAuth2\"",
					"\"$PODS_CONFIGURATION_BUILD_DIR/GTMSessionFetcher\"",
					"\"$PODS_CONFIGURATION_BUILD_DIR/GoogleToolboxForMac\"",
					"\"${PODS_ROOT}/FirebaseAnalytics/Frameworks\"",
					"\"${PODS_ROOT}/FirebaseAuth/Frameworks\"",
					"\"${PODS_ROOT}/FirebaseCore/Frameworks\"",
					"\"${PODS_ROOT}/FirebaseDatabase/Frameworks\"",
					"\"${PODS_ROOT}/FirebaseInstanceID/Frameworks\"",
					"\"${PODS_ROOT}/GoogleSignIn/Frameworks\"",
					"~/Documents/FacebookSDK",
					"$(PROJECT_DIR)",
				);
				INFOPLIST_FILE = HyuJokbo/Info.plist;
				IPHONEOS_DEPLOYMENT_TARGET = 10.2;
				LD_RUNPATH_SEARCH_PATHS = "$(inherited) @executable_path/Frameworks -ObjC -all_load";
				PRODUCT_BUNDLE_IDENTIFIER = hanyang.HyuJokbo;
				PRODUCT_NAME = "$(TARGET_NAME)";
				SWIFT_VERSION = 3.0;
			};
			name = Release;
		};
/* End XCBuildConfiguration section */

/* Begin XCConfigurationList section */
		23EA29941EBB226A009F40F8 /* Build configuration list for PBXProject "HyuJokbo" */ = {
			isa = XCConfigurationList;
			buildConfigurations = (
				23EA29A91EBB226A009F40F8 /* Debug */,
				23EA29AA1EBB226A009F40F8 /* Release */,
			);
			defaultConfigurationIsVisible = 0;
			defaultConfigurationName = Release;
		};
		23EA29AB1EBB226A009F40F8 /* Build configuration list for PBXNativeTarget "HyuJokbo" */ = {
			isa = XCConfigurationList;
			buildConfigurations = (
				23EA29AC1EBB226A009F40F8 /* Debug */,
				23EA29AD1EBB226A009F40F8 /* Release */,
			);
			defaultConfigurationIsVisible = 0;
			defaultConfigurationName = Release;
		};
/* End XCConfigurationList section */
	};
	rootObject = 23EA29911EBB226A009F40F8 /* Project object */;
}
