// !$*UTF8*$!
{
	archiveVersion = 1;
	classes = {
	};
	objectVersion = 46;
	objects = {

/* Begin PBXBuildFile section */
		23EA299D1EBB226A009F40F8 /* AppDelegate.swift in Sources */ = {isa = PBXBuildFile; fileRef = 23EA299C1EBB226A009F40F8 /* AppDelegate.swift */; };
		23EA299F1EBB226A009F40F8 /* ViewController.swift in Sources */ = {isa = PBXBuildFile; fileRef = 23EA299E1EBB226A009F40F8 /* ViewController.swift */; };
		23EA29A21EBB226A009F40F8 /* Main.storyboard in Resources */ = {isa = PBXBuildFile; fileRef = 23EA29A01EBB226A009F40F8 /* Main.storyboard */; };
		23EA29A41EBB226A009F40F8 /* Assets.xcassets in Resources */ = {isa = PBXBuildFile; fileRef = 23EA29A31EBB226A009F40F8 /* Assets.xcassets */; };
		23EA29A71EBB226A009F40F8 /* LaunchScreen.storyboard in Resources */ = {isa = PBXBuildFile; fileRef = 23EA29A51EBB226A009F40F8 /* LaunchScreen.storyboard */; };
		7700FDE21EC5FD1000D133C5 /* JokboUploadViewController.swift in Sources */ = {isa = PBXBuildFile; fileRef = 7700FDE11EC5FD1000D133C5 /* JokboUploadViewController.swift */; };
		774A93B91EC4BB6000B96A56 /* JokboTableViewController.swift in Sources */ = {isa = PBXBuildFile; fileRef = 774A93B81EC4BB6000B96A56 /* JokboTableViewController.swift */; };
		774A93BB1EC4BB6B00B96A56 /* GoohaeTableViewController.swift in Sources */ = {isa = PBXBuildFile; fileRef = 774A93BA1EC4BB6B00B96A56 /* GoohaeTableViewController.swift */; };
		774A93BD1EC4BB7300B96A56 /* HonorTableViewController.swift in Sources */ = {isa = PBXBuildFile; fileRef = 774A93BC1EC4BB7300B96A56 /* HonorTableViewController.swift */; };
		774A93BF1EC4BB7B00B96A56 /* MydataTableViewController.swift in Sources */ = {isa = PBXBuildFile; fileRef = 774A93BE1EC4BB7B00B96A56 /* MydataTableViewController.swift */; };
		774A93C11EC4BCEC00B96A56 /* DataCenter.plist in Resources */ = {isa = PBXBuildFile; fileRef = 774A93C01EC4BCEC00B96A56 /* DataCenter.plist */; };
		774A93C31EC4C2EA00B96A56 /* JokboTableViewCell.swift in Sources */ = {isa = PBXBuildFile; fileRef = 774A93C21EC4C2EA00B96A56 /* JokboTableViewCell.swift */; };
		77662A9B1EC5EEC70059B630 /* JokboTabStoryboard.storyboard in Resources */ = {isa = PBXBuildFile; fileRef = 77662A9A1EC5EEC70059B630 /* JokboTabStoryboard.storyboard */; };
		77662A9D1EC5EEF00059B630 /* GoohaeTabStoryboard.storyboard in Resources */ = {isa = PBXBuildFile; fileRef = 77662A9C1EC5EEF00059B630 /* GoohaeTabStoryboard.storyboard */; };
		77662A9F1EC5EF080059B630 /* HonorTabStoryboard.storyboard in Resources */ = {isa = PBXBuildFile; fileRef = 77662A9E1EC5EF080059B630 /* HonorTabStoryboard.storyboard */; };
		77662AA11EC5EF170059B630 /* MydataTabStoryboard.storyboard in Resources */ = {isa = PBXBuildFile; fileRef = 77662AA01EC5EF170059B630 /* MydataTabStoryboard.storyboard */; };
		77662AA31EC5F2020059B630 /* JokboTabWriteStoryboard.storyboard in Resources */ = {isa = PBXBuildFile; fileRef = 77662AA21EC5F2020059B630 /* JokboTabWriteStoryboard.storyboard */; };
		776C381B1EC591CF00201853 /* SearchView.xib in Resources */ = {isa = PBXBuildFile; fileRef = 776C381A1EC591CF00201853 /* SearchView.xib */; };
		776C381D1EC5926700201853 /* SearchView.swift in Sources */ = {isa = PBXBuildFile; fileRef = 776C381C1EC5926700201853 /* SearchView.swift */; };
/* End PBXBuildFile section */

/* Begin PBXFileReference section */
		23EA29991EBB226A009F40F8 /* HyuJokbo.app */ = {isa = PBXFileReference; explicitFileType = wrapper.application; includeInIndex = 0; path = HyuJokbo.app; sourceTree = BUILT_PRODUCTS_DIR; };
		23EA299C1EBB226A009F40F8 /* AppDelegate.swift */ = {isa = PBXFileReference; lastKnownFileType = sourcecode.swift; path = AppDelegate.swift; sourceTree = "<group>"; };
		23EA299E1EBB226A009F40F8 /* ViewController.swift */ = {isa = PBXFileReference; lastKnownFileType = sourcecode.swift; path = ViewController.swift; sourceTree = "<group>"; };
		23EA29A11EBB226A009F40F8 /* Base */ = {isa = PBXFileReference; lastKnownFileType = file.storyboard; name = Base; path = Base.lproj/Main.storyboard; sourceTree = "<group>"; };
		23EA29A31EBB226A009F40F8 /* Assets.xcassets */ = {isa = PBXFileReference; lastKnownFileType = folder.assetcatalog; path = Assets.xcassets; sourceTree = "<group>"; };
		23EA29A61EBB226A009F40F8 /* Base */ = {isa = PBXFileReference; lastKnownFileType = file.storyboard; name = Base; path = Base.lproj/LaunchScreen.storyboard; sourceTree = "<group>"; };
		23EA29A81EBB226A009F40F8 /* Info.plist */ = {isa = PBXFileReference; lastKnownFileType = text.plist.xml; path = Info.plist; sourceTree = "<group>"; };
		7700FDE11EC5FD1000D133C5 /* JokboUploadViewController.swift */ = {isa = PBXFileReference; fileEncoding = 4; lastKnownFileType = sourcecode.swift; name = JokboUploadViewController.swift; path = ../../../modal/HyuJokbo/HyuJokbo/HyuJokbo/JokboUploadViewController.swift; sourceTree = "<group>"; };
		774A93B81EC4BB6000B96A56 /* JokboTableViewController.swift */ = {isa = PBXFileReference; fileEncoding = 4; lastKnownFileType = sourcecode.swift; path = JokboTableViewController.swift; sourceTree = "<group>"; };
		774A93BA1EC4BB6B00B96A56 /* GoohaeTableViewController.swift */ = {isa = PBXFileReference; fileEncoding = 4; lastKnownFileType = sourcecode.swift; path = GoohaeTableViewController.swift; sourceTree = "<group>"; };
		774A93BC1EC4BB7300B96A56 /* HonorTableViewController.swift */ = {isa = PBXFileReference; fileEncoding = 4; lastKnownFileType = sourcecode.swift; path = HonorTableViewController.swift; sourceTree = "<group>"; };
		774A93BE1EC4BB7B00B96A56 /* MydataTableViewController.swift */ = {isa = PBXFileReference; fileEncoding = 4; lastKnownFileType = sourcecode.swift; path = MydataTableViewController.swift; sourceTree = "<group>"; };
		774A93C01EC4BCEC00B96A56 /* DataCenter.plist */ = {isa = PBXFileReference; fileEncoding = 4; lastKnownFileType = text.plist.xml; path = DataCenter.plist; sourceTree = "<group>"; };
		774A93C21EC4C2EA00B96A56 /* JokboTableViewCell.swift */ = {isa = PBXFileReference; fileEncoding = 4; lastKnownFileType = sourcecode.swift; path = JokboTableViewCell.swift; sourceTree = "<group>"; };
		77662A9A1EC5EEC70059B630 /* JokboTabStoryboard.storyboard */ = {isa = PBXFileReference; fileEncoding = 4; lastKnownFileType = file.storyboard; name = JokboTabStoryboard.storyboard; path = ../JokboTabStoryboard.storyboard; sourceTree = "<group>"; };
		77662A9C1EC5EEF00059B630 /* GoohaeTabStoryboard.storyboard */ = {isa = PBXFileReference; fileEncoding = 4; lastKnownFileType = file.storyboard; name = GoohaeTabStoryboard.storyboard; path = ../GoohaeTabStoryboard.storyboard; sourceTree = "<group>"; };
		77662A9E1EC5EF080059B630 /* HonorTabStoryboard.storyboard */ = {isa = PBXFileReference; fileEncoding = 4; lastKnownFileType = file.storyboard; name = HonorTabStoryboard.storyboard; path = ../HonorTabStoryboard.storyboard; sourceTree = "<group>"; };
		77662AA01EC5EF170059B630 /* MydataTabStoryboard.storyboard */ = {isa = PBXFileReference; fileEncoding = 4; lastKnownFileType = file.storyboard; name = MydataTabStoryboard.storyboard; path = ../MydataTabStoryboard.storyboard; sourceTree = "<group>"; };
		77662AA21EC5F2020059B630 /* JokboTabWriteStoryboard.storyboard */ = {isa = PBXFileReference; fileEncoding = 4; lastKnownFileType = file.storyboard; path = JokboTabWriteStoryboard.storyboard; sourceTree = "<group>"; };
		776C381A1EC591CF00201853 /* SearchView.xib */ = {isa = PBXFileReference; fileEncoding = 4; lastKnownFileType = file.xib; name = SearchView.xib; path = ../SearchView.xib; sourceTree = "<group>"; };
		776C381C1EC5926700201853 /* SearchView.swift */ = {isa = PBXFileReference; fileEncoding = 4; lastKnownFileType = sourcecode.swift; name = SearchView.swift; path = ../SearchView.swift; sourceTree = "<group>"; };
/* End PBXFileReference section */

/* Begin PBXFrameworksBuildPhase section */
		23EA29961EBB226A009F40F8 /* Frameworks */ = {
			isa = PBXFrameworksBuildPhase;
			buildActionMask = 2147483647;
			files = (
			);
			runOnlyForDeploymentPostprocessing = 0;
		};
/* End PBXFrameworksBuildPhase section */

/* Begin PBXGroup section */
		23EA29901EBB226A009F40F8 = {
			isa = PBXGroup;
			children = (
				23EA299B1EBB226A009F40F8 /* HyuJokbo */,
				23EA299A1EBB226A009F40F8 /* Products */,
			);
			sourceTree = "<group>";
		};
		23EA299A1EBB226A009F40F8 /* Products */ = {
			isa = PBXGroup;
			children = (
				23EA29991EBB226A009F40F8 /* HyuJokbo.app */,
			);
			name = Products;
			sourceTree = "<group>";
		};
		23EA299B1EBB226A009F40F8 /* HyuJokbo */ = {
			isa = PBXGroup;
			children = (
				23EA29A51EBB226A009F40F8 /* LaunchScreen.storyboard */,
				23EA29A01EBB226A009F40F8 /* Main.storyboard */,
				77662A9A1EC5EEC70059B630 /* JokboTabStoryboard.storyboard */,
				77662AA21EC5F2020059B630 /* JokboTabWriteStoryboard.storyboard */,
				77662A9C1EC5EEF00059B630 /* GoohaeTabStoryboard.storyboard */,
				77662A9E1EC5EF080059B630 /* HonorTabStoryboard.storyboard */,
				77662AA01EC5EF170059B630 /* MydataTabStoryboard.storyboard */,
				23EA299C1EBB226A009F40F8 /* AppDelegate.swift */,
				23EA299E1EBB226A009F40F8 /* ViewController.swift */,
				774A93C21EC4C2EA00B96A56 /* JokboTableViewCell.swift */,
				774A93B81EC4BB6000B96A56 /* JokboTableViewController.swift */,
				7700FDE11EC5FD1000D133C5 /* JokboUploadViewController.swift */,
				774A93BA1EC4BB6B00B96A56 /* GoohaeTableViewController.swift */,
				774A93BC1EC4BB7300B96A56 /* HonorTableViewController.swift */,
				774A93BE1EC4BB7B00B96A56 /* MydataTableViewController.swift */,
				23EA29A31EBB226A009F40F8 /* Assets.xcassets */,
				23EA29A81EBB226A009F40F8 /* Info.plist */,
				774A93C01EC4BCEC00B96A56 /* DataCenter.plist */,
				776C381A1EC591CF00201853 /* SearchView.xib */,
				776C381C1EC5926700201853 /* SearchView.swift */,
			);
			path = HyuJokbo;
			sourceTree = "<group>";
		};
/* End PBXGroup section */

/* Begin PBXNativeTarget section */
		23EA29981EBB226A009F40F8 /* HyuJokbo */ = {
			isa = PBXNativeTarget;
			buildConfigurationList = 23EA29AB1EBB226A009F40F8 /* Build configuration list for PBXNativeTarget "HyuJokbo" */;
			buildPhases = (
				23EA29951EBB226A009F40F8 /* Sources */,
				23EA29961EBB226A009F40F8 /* Frameworks */,
				23EA29971EBB226A009F40F8 /* Resources */,
			);
			buildRules = (
			);
			dependencies = (
			);
			name = HyuJokbo;
			productName = HyuJokbo;
			productReference = 23EA29991EBB226A009F40F8 /* HyuJokbo.app */;
			productType = "com.apple.product-type.application";
		};
/* End PBXNativeTarget section */

/* Begin PBXProject section */
		23EA29911EBB226A009F40F8 /* Project object */ = {
			isa = PBXProject;
			attributes = {
				LastSwiftUpdateCheck = 0830;
				LastUpgradeCheck = 0830;
				ORGANIZATIONNAME = "박한솔";
				TargetAttributes = {
					23EA29981EBB226A009F40F8 = {
						CreatedOnToolsVersion = 8.3.2;
						ProvisioningStyle = Automatic;
					};
				};
			};
			buildConfigurationList = 23EA29941EBB226A009F40F8 /* Build configuration list for PBXProject "HyuJokbo" */;
			compatibilityVersion = "Xcode 3.2";
			developmentRegion = English;
			hasScannedForEncodings = 0;
			knownRegions = (
				en,
				Base,
			);
			mainGroup = 23EA29901EBB226A009F40F8;
			productRefGroup = 23EA299A1EBB226A009F40F8 /* Products */;
			projectDirPath = "";
			projectRoot = "";
			targets = (
				23EA29981EBB226A009F40F8 /* HyuJokbo */,
			);
		};
/* End PBXProject section */

/* Begin PBXResourcesBuildPhase section */
		23EA29971EBB226A009F40F8 /* Resources */ = {
			isa = PBXResourcesBuildPhase;
			buildActionMask = 2147483647;
			files = (
				23EA29A71EBB226A009F40F8 /* LaunchScreen.storyboard in Resources */,
				77662A9D1EC5EEF00059B630 /* GoohaeTabStoryboard.storyboard in Resources */,
				77662A9F1EC5EF080059B630 /* HonorTabStoryboard.storyboard in Resources */,
				77662AA11EC5EF170059B630 /* MydataTabStoryboard.storyboard in Resources */,
				774A93C11EC4BCEC00B96A56 /* DataCenter.plist in Resources */,
				776C381B1EC591CF00201853 /* SearchView.xib in Resources */,
				23EA29A41EBB226A009F40F8 /* Assets.xcassets in Resources */,
				23EA29A21EBB226A009F40F8 /* Main.storyboard in Resources */,
				77662A9B1EC5EEC70059B630 /* JokboTabStoryboard.storyboard in Resources */,
				77662AA31EC5F2020059B630 /* JokboTabWriteStoryboard.storyboard in Resources */,
			);
			runOnlyForDeploymentPostprocessing = 0;
		};
/* End PBXResourcesBuildPhase section */

/* Begin PBXSourcesBuildPhase section */
		23EA29951EBB226A009F40F8 /* Sources */ = {
			isa = PBXSourcesBuildPhase;
			buildActionMask = 2147483647;
			files = (
				776C381D1EC5926700201853 /* SearchView.swift in Sources */,
				774A93BB1EC4BB6B00B96A56 /* GoohaeTableViewController.swift in Sources */,
				774A93C31EC4C2EA00B96A56 /* JokboTableViewCell.swift in Sources */,
				774A93B91EC4BB6000B96A56 /* JokboTableViewController.swift in Sources */,
				23EA299F1EBB226A009F40F8 /* ViewController.swift in Sources */,
				774A93BF1EC4BB7B00B96A56 /* MydataTableViewController.swift in Sources */,
				774A93BD1EC4BB7300B96A56 /* HonorTableViewController.swift in Sources */,
				7700FDE21EC5FD1000D133C5 /* JokboUploadViewController.swift in Sources */,
				23EA299D1EBB226A009F40F8 /* AppDelegate.swift in Sources */,
			);
			runOnlyForDeploymentPostprocessing = 0;
		};
/* End PBXSourcesBuildPhase section */

/* Begin PBXVariantGroup section */
		23EA29A01EBB226A009F40F8 /* Main.storyboard */ = {
			isa = PBXVariantGroup;
			children = (
				23EA29A11EBB226A009F40F8 /* Base */,
			);
			name = Main.storyboard;
			sourceTree = "<group>";
		};
		23EA29A51EBB226A009F40F8 /* LaunchScreen.storyboard */ = {
			isa = PBXVariantGroup;
			children = (
				23EA29A61EBB226A009F40F8 /* Base */,
			);
			name = LaunchScreen.storyboard;
			sourceTree = "<group>";
		};
/* End PBXVariantGroup section */

/* Begin XCBuildConfiguration section */
		23EA29A91EBB226A009F40F8 /* Debug */ = {
			isa = XCBuildConfiguration;
			buildSettings = {
				ALWAYS_SEARCH_USER_PATHS = NO;
				CLANG_ANALYZER_NONNULL = YES;
				CLANG_ANALYZER_NUMBER_OBJECT_CONVERSION = YES_AGGRESSIVE;
				CLANG_CXX_LANGUAGE_STANDARD = "gnu++0x";
				CLANG_CXX_LIBRARY = "libc++";
				CLANG_ENABLE_MODULES = YES;
				CLANG_ENABLE_OBJC_ARC = YES;
				CLANG_WARN_BOOL_CONVERSION = YES;
				CLANG_WARN_CONSTANT_CONVERSION = YES;
				CLANG_WARN_DIRECT_OBJC_ISA_USAGE = YES_ERROR;
				CLANG_WARN_DOCUMENTATION_COMMENTS = YES;
				CLANG_WARN_EMPTY_BODY = YES;
				CLANG_WARN_ENUM_CONVERSION = YES;
				CLANG_WARN_INFINITE_RECURSION = YES;
				CLANG_WARN_INT_CONVERSION = YES;
				CLANG_WARN_OBJC_ROOT_CLASS = YES_ERROR;
				CLANG_WARN_SUSPICIOUS_MOVE = YES;
				CLANG_WARN_UNREACHABLE_CODE = YES;
				CLANG_WARN__DUPLICATE_METHOD_MATCH = YES;
				"CODE_SIGN_IDENTITY[sdk=iphoneos*]" = "iPhone Developer";
				COPY_PHASE_STRIP = NO;
				DEBUG_INFORMATION_FORMAT = dwarf;
				ENABLE_STRICT_OBJC_MSGSEND = YES;
				ENABLE_TESTABILITY = YES;
				GCC_C_LANGUAGE_STANDARD = gnu99;
				GCC_DYNAMIC_NO_PIC = NO;
				GCC_NO_COMMON_BLOCKS = YES;
				GCC_OPTIMIZATION_LEVEL = 0;
				GCC_PREPROCESSOR_DEFINITIONS = (
					"DEBUG=1",
					"$(inherited)",
				);
				GCC_WARN_64_TO_32_BIT_CONVERSION = YES;
				GCC_WARN_ABOUT_RETURN_TYPE = YES_ERROR;
				GCC_WARN_UNDECLARED_SELECTOR = YES;
				GCC_WARN_UNINITIALIZED_AUTOS = YES_AGGRESSIVE;
				GCC_WARN_UNUSED_FUNCTION = YES;
				GCC_WARN_UNUSED_VARIABLE = YES;
				IPHONEOS_DEPLOYMENT_TARGET = 10.3;
				MTL_ENABLE_DEBUG_INFO = YES;
				ONLY_ACTIVE_ARCH = YES;
				SDKROOT = iphoneos;
				SWIFT_ACTIVE_COMPILATION_CONDITIONS = DEBUG;
				SWIFT_OPTIMIZATION_LEVEL = "-Onone";
				TARGETED_DEVICE_FAMILY = "1,2";
			};
			name = Debug;
		};
		23EA29AA1EBB226A009F40F8 /* Release */ = {
			isa = XCBuildConfiguration;
			buildSettings = {
				ALWAYS_SEARCH_USER_PATHS = NO;
				CLANG_ANALYZER_NONNULL = YES;
				CLANG_ANALYZER_NUMBER_OBJECT_CONVERSION = YES_AGGRESSIVE;
				CLANG_CXX_LANGUAGE_STANDARD = "gnu++0x";
				CLANG_CXX_LIBRARY = "libc++";
				CLANG_ENABLE_MODULES = YES;
				CLANG_ENABLE_OBJC_ARC = YES;
				CLANG_WARN_BOOL_CONVERSION = YES;
				CLANG_WARN_CONSTANT_CONVERSION = YES;
				CLANG_WARN_DIRECT_OBJC_ISA_USAGE = YES_ERROR;
				CLANG_WARN_DOCUMENTATION_COMMENTS = YES;
				CLANG_WARN_EMPTY_BODY = YES;
				CLANG_WARN_ENUM_CONVERSION = YES;
				CLANG_WARN_INFINITE_RECURSION = YES;
				CLANG_WARN_INT_CONVERSION = YES;
				CLANG_WARN_OBJC_ROOT_CLASS = YES_ERROR;
				CLANG_WARN_SUSPICIOUS_MOVE = YES;
				CLANG_WARN_UNREACHABLE_CODE = YES;
				CLANG_WARN__DUPLICATE_METHOD_MATCH = YES;
				"CODE_SIGN_IDENTITY[sdk=iphoneos*]" = "iPhone Developer";
				COPY_PHASE_STRIP = NO;
				DEBUG_INFORMATION_FORMAT = "dwarf-with-dsym";
				ENABLE_NS_ASSERTIONS = NO;
				ENABLE_STRICT_OBJC_MSGSEND = YES;
				GCC_C_LANGUAGE_STANDARD = gnu99;
				GCC_NO_COMMON_BLOCKS = YES;
				GCC_WARN_64_TO_32_BIT_CONVERSION = YES;
				GCC_WARN_ABOUT_RETURN_TYPE = YES_ERROR;
				GCC_WARN_UNDECLARED_SELECTOR = YES;
				GCC_WARN_UNINITIALIZED_AUTOS = YES_AGGRESSIVE;
				GCC_WARN_UNUSED_FUNCTION = YES;
				GCC_WARN_UNUSED_VARIABLE = YES;
				IPHONEOS_DEPLOYMENT_TARGET = 10.3;
				MTL_ENABLE_DEBUG_INFO = NO;
				SDKROOT = iphoneos;
				SWIFT_OPTIMIZATION_LEVEL = "-Owholemodule";
				TARGETED_DEVICE_FAMILY = "1,2";
				VALIDATE_PRODUCT = YES;
			};
			name = Release;
		};
		23EA29AC1EBB226A009F40F8 /* Debug */ = {
			isa = XCBuildConfiguration;
			buildSettings = {
				ASSETCATALOG_COMPILER_APPICON_NAME = AppIcon;
				INFOPLIST_FILE = HyuJokbo/Info.plist;
				LD_RUNPATH_SEARCH_PATHS = "$(inherited) @executable_path/Frameworks";
				PRODUCT_BUNDLE_IDENTIFIER = hanyang.HyuJokbo;
				PRODUCT_NAME = "$(TARGET_NAME)";
				SWIFT_VERSION = 3.0;
			};
			name = Debug;
		};
		23EA29AD1EBB226A009F40F8 /* Release */ = {
			isa = XCBuildConfiguration;
			buildSettings = {
				ASSETCATALOG_COMPILER_APPICON_NAME = AppIcon;
				INFOPLIST_FILE = HyuJokbo/Info.plist;
				LD_RUNPATH_SEARCH_PATHS = "$(inherited) @executable_path/Frameworks";
				PRODUCT_BUNDLE_IDENTIFIER = hanyang.HyuJokbo;
				PRODUCT_NAME = "$(TARGET_NAME)";
				SWIFT_VERSION = 3.0;
			};
			name = Release;
		};
/* End XCBuildConfiguration section */

/* Begin XCConfigurationList section */
		23EA29941EBB226A009F40F8 /* Build configuration list for PBXProject "HyuJokbo" */ = {
			isa = XCConfigurationList;
			buildConfigurations = (
				23EA29A91EBB226A009F40F8 /* Debug */,
				23EA29AA1EBB226A009F40F8 /* Release */,
			);
			defaultConfigurationIsVisible = 0;
			defaultConfigurationName = Release;
		};
		23EA29AB1EBB226A009F40F8 /* Build configuration list for PBXNativeTarget "HyuJokbo" */ = {
			isa = XCConfigurationList;
			buildConfigurations = (
				23EA29AC1EBB226A009F40F8 /* Debug */,
				23EA29AD1EBB226A009F40F8 /* Release */,
			);
			defaultConfigurationIsVisible = 0;
			defaultConfigurationName = Release;
		};
/* End XCConfigurationList section */
	};
	rootObject = 23EA29911EBB226A009F40F8 /* Project object */;
}
